{
  "lockfileVersion": 1,
  "configVersion": 1,
  "workspaces": {
    "": {
      "name": "opencode-projects",
      "dependencies": {
        "@opencode-ai/plugin": "^1.2.15",
        "@opencode-ai/sdk": "^1.2.15",
        "zod": "4.1.8",
      },
      "devDependencies": {
        "@biomejs/biome": "^2.4.5",
        "@types/node": "^20.0.0",
        "bun-types": "^1.3.9",
        "typescript": "^5.3.0",
      },
    },
  },
  "packages": {
    "@biomejs/biome": ["@biomejs/biome@2.4.5", "", { "optionalDependencies": { "@biomejs/cli-darwin-arm64": "2.4.5", "@biomejs/cli-darwin-x64": "2.4.5", "@biomejs/cli-linux-arm64": "2.4.5", "@biomejs/cli-linux-arm64-musl": "2.4.5", "@biomejs/cli-linux-x64": "2.4.5", "@biomejs/cli-linux-x64-musl": "2.4.5", "@biomejs/cli-win32-arm64": "2.4.5", "@biomejs/cli-win32-x64": "2.4.5" }, "bin": { "biome": "bin/biome" } }, "sha512-OWNCyMS0Q011R6YifXNOg6qsOg64IVc7XX6SqGsrGszPbkVCoaO7Sr/lISFnXZ9hjQhDewwZ40789QmrG0GYgQ=="],

    "@biomejs/cli-darwin-arm64": ["@biomejs/cli-darwin-arm64@2.4.5", "", { "os": "darwin", "cpu": "arm64" }, "sha512-lGS4Nd5O3KQJ6TeWv10mElnx1phERhBxqGP/IKq0SvZl78kcWDFMaTtVK+w3v3lusRFxJY78n07PbKplirsU5g=="],

    "@biomejs/cli-darwin-x64": ["@biomejs/cli-darwin-x64@2.4.5", "", { "os": "darwin", "cpu": "x64" }, "sha512-6MoH4tyISIBNkZ2Q5T1R7dLd5BsITb2yhhhrU9jHZxnNSNMWl+s2Mxu7NBF8Y3a7JJcqq9nsk8i637z4gqkJxQ=="],

    "@biomejs/cli-linux-arm64": ["@biomejs/cli-linux-arm64@2.4.5", "", { "os": "linux", "cpu": "arm64" }, "sha512-U1GAG6FTjhAO04MyH4xn23wRNBkT6H7NentHh+8UxD6ShXKBm5SY4RedKJzkUThANxb9rUKIPc7B8ew9Xo/cWg=="],

    "@biomejs/cli-linux-arm64-musl": ["@biomejs/cli-linux-arm64-musl@2.4.5", "", { "os": "linux", "cpu": "arm64" }, "sha512-iqLDgpzobG7gpBF0fwEVS/LT8kmN7+S0E2YKFDtqliJfzNLnAiV2Nnyb+ehCDCJgAZBASkYHR2o60VQWikpqIg=="],

    "@biomejs/cli-linux-x64": ["@biomejs/cli-linux-x64@2.4.5", "", { "os": "linux", "cpu": "x64" }, "sha512-NdODlSugMzTlENPTa4z0xB82dTUlCpsrOxc43///aNkTLblIYH4XpYflBbf5ySlQuP8AA4AZd1qXhV07IdrHdQ=="],

    "@biomejs/cli-linux-x64-musl": ["@biomejs/cli-linux-x64-musl@2.4.5", "", { "os": "linux", "cpu": "x64" }, "sha512-NlKa7GpbQmNhZf9kakQeddqZyT7itN7jjWdakELeXyTU3pg/83fTysRRDPJD0akTfKDl6vZYNT9Zqn4MYZVBOA=="],

    "@biomejs/cli-win32-arm64": ["@biomejs/cli-win32-arm64@2.4.5", "", { "os": "win32", "cpu": "arm64" }, "sha512-EBfrTqRIWOFSd7CQb/0ttjHMR88zm3hGravnDwUA9wHAaCAYsULKDebWcN5RmrEo1KBtl/gDVJMrFjNR0pdGUw=="],

    "@biomejs/cli-win32-x64": ["@biomejs/cli-win32-x64@2.4.5", "", { "os": "win32", "cpu": "x64" }, "sha512-Pmhv9zT95YzECfjEHNl3mN9Vhusw9VA5KHY0ZvlGsxsjwS5cb7vpRnHzJIv0vG7jB0JI7xEaMH9ddfZm/RozBw=="],

    "@opencode-ai/plugin": ["@opencode-ai/plugin@1.2.15", "", { "dependencies": { "@opencode-ai/sdk": "1.2.15", "zod": "4.1.8" } }, "sha512-mh9S05W+CZZmo6q3uIEBubS66QVgiev7fRafX7vemrCfz+3pEIkSwipLjU/sxIewC9yLiDWLqS73DH/iEQzVDw=="],

    "@opencode-ai/sdk": ["@opencode-ai/sdk@1.2.15", "", {}, "sha512-NUJNlyBCdZ4R0EBLjJziEQOp2XbRPJosaMcTcWSWO5XJPKGUpz0u8ql+5cR8K+v2RJ+hp2NobtNwpjEYfe6BRQ=="],

    "@types/node": ["@types/node@20.19.35", "", { "dependencies": { "undici-types": "~6.21.0" } }, "sha512-Uarfe6J91b9HAUXxjvSOdiO2UPOKLm07Q1oh0JHxoZ1y8HoqxDAu3gVrsrOHeiio0kSsoVBt4wFrKOm0dKxVPQ=="],

    "bun-types": ["bun-types@1.3.10", "", { "dependencies": { "@types/node": "*" } }, "sha512-tcpfCCl6XWo6nCVnpcVrxQ+9AYN1iqMIzgrSKYMB/fjLtV2eyAVEg7AxQJuCq/26R6HpKWykQXuSOq/21RYcbg=="],

    "typescript": ["typescript@5.9.3", "", { "bin": { "tsc": "bin/tsc", "tsserver": "bin/tsserver" } }, "sha512-jl1vZzPDinLr9eUt3J/t7V6FgNEw9QjvBPdysz9KfQDD41fQrC2Y4vKQdiaUpFT4bXlb1RHhLpp8wtm6M5TgSw=="],

    "undici-types": ["undici-types@6.21.0", "", {}, "sha512-iwDZqg0QAGrg9Rav5H4n0M64c3mkR59cJ6wQp+7C4nI0gsmExaedaYLNO44eT4AtBBwjbTiGPMlt2Md0T9H9JQ=="],

    "zod": ["zod@4.1.8", "", {}, "sha512-5R1P+WwQqmmMIEACyzSvo4JXHY5WiAFHRMg+zBZKgKS+Q1viRa0C1hmUKtHltoIFKtIdki3pRxkmpP74jnNYHQ=="],
  }
}
