{
  "name": "src",
  "lockfileVersion": 3,
  "requires": true,
  "packages": {
    "": {
      "dependencies": {
        "humanize-duration": "^3.32.1"
      },
      "devDependencies": {
        "@types/humanize-duration": "^3.27.4"
      }
    },
    "node_modules/@types/humanize-duration": {
      "version": "3.27.4",
      "resolved": "https://registry.npmjs.org/@types/humanize-duration/-/humanize-duration-3.27.4.tgz",
      "integrity": "sha512-yaf7kan2Sq0goxpbcwTQ+8E9RP6HutFBPv74T/IA/ojcHKhuKVlk2YFYyHhWZeLvZPzzLE3aatuQB4h0iqyyUA==",
      "dev": true,
      "license": "MIT"
    },
    "node_modules/humanize-duration": {
      "version": "3.32.1",
      "resolved": "https://registry.npmjs.org/humanize-duration/-/humanize-duration-3.32.1.tgz",
      "integrity": "sha512-inh5wue5XdfObhu/IGEMiA1nUXigSGcaKNemcbLRKa7jXYGDZXr3LoT9pTIzq2hPEbld7w/qv9h+ikWGz8fL1g==",
      "license": "Unlicense"
    }
  }
}
